{
  "name": "ai-monitor-pro",
  "version": "1.0.0",
  "lockfileVersion": 3,
  "requires": true,
  "packages": {
    "": {
      "name": "ai-monitor-pro",
      "version": "1.0.0",
      "license": "MIT",
      "bin": {
        "ai-monitor-pro": "bin/cli.js"
      },
      "engines": {
        "node": ">=18"
      }
    }
  }
}
